hash: 4d29e1022fb9081fa02804421354f1bc40ea66ef9796a970e7191b8b164431d9
updated: 2017-09-20T16:43:31.753191429-05:00
imports:
- name: github.com/dgrijalva/jwt-go
  version: d2709f9f1f31ebcda9651b03077758c1f3a0018c
- name: github.com/go-kit/kit
  version: 0d313fb5fb3a94d87d61e6434785264e87a5d740
  subpackages:
  - endpoint
  - log
  - metrics
  - metrics/prometheus
  - transport/http
- name: github.com/go-logfmt/logfmt
  version: 390ab7935ee28ec6b286364bba9b4dd6410cb3d5
- name: github.com/go-stack/stack
  version: 817915b46b97fd7bb80e8ab6b69f01a53ac3eebf
- name: github.com/go-yaml/yaml
  version: eb3733d160e74a9c7e442f435eb3bea458e1d19f
- name: github.com/google/uuid
  version: 7e072fc3a7be179aee6d3359e46015aa8c995314
- name: github.com/gorilla/context
  version: 08b5f424b9271eedf6f9f0ce86cb9396ed337a42
- name: github.com/gorilla/mux
  version: 392c28fe23e1c45ddba891b0320b3b5df220beea
- name: github.com/kr/logfmt
  version: b84e30acd515aadc4b783ad4ff83aff3299bdfe0
- name: github.com/looplab/eventhorizon
  version: 7f3a706a1f88105c23b9e43b3dc5e4c9ad470503
  repo: https://superchalupa@github.com/superchalupa/eventhorizon
  vcs: git
  subpackages:
  - commandbus/local
  - eventbus/local
  - eventhandler/projector
  - eventhandler/saga
  - eventstore/memory
  - publisher/local
  - repo/memory
  - utils
- name: github.com/prometheus/client_golang
  version: 50b3332fd63be43e38472600ec187ceec39d26d6
  subpackages:
  - prometheus
  - prometheus/promhttp
testImports: []
