# This file is autogenerated, do not edit; changes may be undone by the next 'dep ensure'.


[[projects]]
  name = "github.com/dgrijalva/jwt-go"
  packages = ["."]
  revision = "dbeaa9332f19a944acb5736b4456cfcc02140e29"
  version = "v3.1.0"

[[projects]]
  branch = "v2"
  name = "github.com/go-yaml/yaml"
  packages = ["."]
  revision = "d670f9405373e636a5a2765eea47fac0c9bc91a4"

[[projects]]
  name = "github.com/gorilla/context"
  packages = ["."]
  revision = "1ea25387ff6f684839d82767c1733ff4d4d15d0a"
  version = "v1.1"

[[projects]]
  name = "github.com/gorilla/mux"
  packages = ["."]
  revision = "53c1911da2b537f792e7cafcb446b05ffe33b996"
  version = "v1.6.1"

[[projects]]
  branch = "master"
  name = "github.com/looplab/eventhorizon"
  packages = [
    ".",
    "aggregatestore/model",
    "commandhandler/aggregate",
    "eventbus/local",
    "publisher/local",
    "repo/memory",
    "utils"
  ]
  revision = "02aa8f82c5d8315077b69bec05706b9f85c2d5c9"
  source = "github.com/superchalupa/eventhorizon"

[[projects]]
  branch = "master"
  name = "github.com/spacemonkeygo/openssl"
  packages = [
    ".",
    "utils"
  ]
  revision = "666cd1440ae0ac0f8e8d210b35b935c218af670b"
  source = "github.com/superchalupa/openssl"

[[projects]]
  branch = "master"
  name = "github.com/spacemonkeygo/spacelog"
  packages = ["."]
  revision = "081216856ee01315ad130cb9ccd5d2a40624c619"

[[projects]]
  branch = "master"
  name = "golang.org/x/sys"
  packages = ["unix"]
  revision = "3dbebcf8efb6a5011a60c2b4591c1022a759af8a"

[solve-meta]
  analyzer-name = "dep"
  analyzer-version = 1
  inputs-digest = "54b712fe95f92f9c1549f6592c0759302eb74ed64dc9f4b5e3f602d162f42e17"
  solver-name = "gps-cdcl"
  solver-version = 1
