# This file is autogenerated, do not edit; changes may be undone by the next 'dep ensure'.


[[projects]]
  name = "github.com/dgrijalva/jwt-go"
  packages = ["."]
  revision = "06ea1031745cb8b3dab3f6a236daf2b0aa468b7e"
  version = "v3.2.0"

[[projects]]
  name = "github.com/godbus/dbus"
  packages = ["."]
  revision = "a389bdde4dd695d414e47b755e95e72b7826432c"
  version = "v4.1.0"

[[projects]]
  name = "github.com/gorilla/context"
  packages = ["."]
  revision = "1ea25387ff6f684839d82767c1733ff4d4d15d0a"
  version = "v1.1"

[[projects]]
  name = "github.com/gorilla/mux"
  packages = ["."]
  revision = "53c1911da2b537f792e7cafcb446b05ffe33b996"
  version = "v1.6.1"

[[projects]]
  branch = "master"
  name = "github.com/looplab/eventhorizon"
  packages = [
    ".",
    "aggregatestore/model",
    "commandhandler/aggregate",
    "eventbus/local",
    "publisher/local",
    "repo/memory",
    "utils"
  ]
  revision = "e1bbbab3e2ce284a7e8059400f7ab72800493e3c"

[[projects]]
  branch = "master"
  name = "github.com/spacemonkeygo/openssl"
  packages = [
    ".",
    "utils"
  ]
  revision = "8677598393bec713f53f09e01f1e015e98d6df73"
  source = "github.com/superchalupa/openssl"

[[projects]]
  branch = "master"
  name = "github.com/spacemonkeygo/spacelog"
  packages = ["."]
  revision = "081216856ee01315ad130cb9ccd5d2a40624c619"

[[projects]]
  name = "github.com/spf13/pflag"
  packages = ["."]
  revision = "e57e3eeb33f795204c1ca35f56c44f83227c6e66"
  version = "v1.0.0"

[[projects]]
  branch = "master"
  name = "golang.org/x/sys"
  packages = ["unix"]
  revision = "13d03a9a82fba647c21a0ef8fba44a795d0f0835"

[solve-meta]
  analyzer-name = "dep"
  analyzer-version = 1
  inputs-digest = "43cdaca6bfc0c798e33c72265c6d3deb99913f4c7b02a5f0262397c16c334e49"
  solver-name = "gps-cdcl"
  solver-version = 1
