# This file is autogenerated, do not edit; changes may be undone by the next 'dep ensure'.


[[projects]]
  name = "github.com/dgrijalva/jwt-go"
  packages = ["."]
  revision = "dbeaa9332f19a944acb5736b4456cfcc02140e29"
  version = "v3.1.0"

[[projects]]
  branch = "v2"
  name = "github.com/go-yaml/yaml"
  packages = ["."]
  revision = "d670f9405373e636a5a2765eea47fac0c9bc91a4"

[[projects]]
  name = "github.com/godbus/dbus"
  packages = ["."]
  revision = "a389bdde4dd695d414e47b755e95e72b7826432c"
  version = "v4.1.0"

[[projects]]
  name = "github.com/gorilla/context"
  packages = ["."]
  revision = "1ea25387ff6f684839d82767c1733ff4d4d15d0a"
  version = "v1.1"

[[projects]]
  name = "github.com/gorilla/mux"
  packages = ["."]
  revision = "53c1911da2b537f792e7cafcb446b05ffe33b996"
  version = "v1.6.1"

[[projects]]
  branch = "master"
  name = "github.com/looplab/eventhorizon"
  packages = [
    ".",
    "aggregatestore/model",
    "commandhandler/aggregate",
    "eventbus/local",
    "publisher/local",
    "repo/memory",
    "utils"
  ]
  revision = "02aa8f82c5d8315077b69bec05706b9f85c2d5c9"
  source = "github.com/superchalupa/eventhorizon"

[[projects]]
  branch = "master"
  name = "github.com/spacemonkeygo/openssl"
  packages = [
    ".",
    "utils"
  ]
  revision = "8677598393bec713f53f09e01f1e015e98d6df73"
  source = "github.com/superchalupa/openssl"

[[projects]]
  branch = "master"
  name = "github.com/spacemonkeygo/spacelog"
  packages = ["."]
  revision = "081216856ee01315ad130cb9ccd5d2a40624c619"

[[projects]]
  branch = "master"
  name = "golang.org/x/sys"
  packages = ["unix"]
  revision = "37707fdb30a5b38865cfb95e5aab41707daec7fd"

[solve-meta]
  analyzer-name = "dep"
  analyzer-version = 1
  inputs-digest = "398517c67b330d75768a1edf61d27ed575e7e30a2e7b6ec47fecbf3ea0544327"
  solver-name = "gps-cdcl"
  solver-version = 1
